
Microsoft Visual Studio Solution File, Format Version 12.00
# Visual Studio Version 17
VisualStudioVersion = 17.0.31903.59
MinimumVisualStudioVersion = 10.0.40219.1
Project("{FAE04EC0-301F-11D3-BF4B-00C04F79EFBC}") = "Producer", "Producer\Producer.csproj", "{C3BAF4D7-579A-49B7-ABA0-71C3B3AAC0F9}"
EndProject
Project("{FAE04EC0-301F-11D3-BF4B-00C04F79EFBC}") = "Consumer", "Consumer\Consumer.csproj", "{E86A65C5-83FF-4457-B30D-3CD5173BA19A}"
EndProject
Project("{2150E333-8FDC-42A3-9474-1A3956D46DE8}") = "src", "src", "{A67097B6-9A05-4C2F-9784-87F25016B472}"
EndProject
Project("{2150E333-8FDC-42A3-9474-1A3956D46DE8}") = "Domain", "Domain", "{0EC00234-1853-49A5-9308-9D884795BB3A}"
EndProject
Project("{FAE04EC0-301F-11D3-BF4B-00C04F79EFBC}") = "MicroRabbit.Domain.Core", "src\Domain\MicroRabbit.Domain.Core\MicroRabbit.Domain.Core.csproj", "{B439F237-615A-4FF0-B5A6-DD40D92FB30F}"
EndProject
Project("{2150E333-8FDC-42A3-9474-1A3956D46DE8}") = "Infra.Bus", "Infra.Bus", "{C77745B7-F5D3-4002-B324-00E8FF8B3757}"
EndProject
Project("{FAE04EC0-301F-11D3-BF4B-00C04F79EFBC}") = "MicroRabbit.Infra.Bus", "src\Infra.Bus\MicroRabbit.Infra.Bus\MicroRabbit.Infra.Bus.csproj", "{E4BF45DD-4160-4AAA-9139-7E714E79C9B7}"
EndProject
Project("{2150E333-8FDC-42A3-9474-1A3956D46DE8}") = "Infra.IoC", "Infra.IoC", "{1718FAA3-4B7E-4466-BB1F-89AF86D47C85}"
EndProject
Project("{FAE04EC0-301F-11D3-BF4B-00C04F79EFBC}") = "MicroRabbit.Infra.IoC", "src\Infra.IoC\MicroRabbit.Infra.IoC\MicroRabbit.Infra.IoC.csproj", "{AF972F9A-9B67-475A-B1D3-E4706B97816E}"
EndProject
Global
	GlobalSection(SolutionConfigurationPlatforms) = preSolution
		Debug|Any CPU = Debug|Any CPU
		Release|Any CPU = Release|Any CPU
	EndGlobalSection
	GlobalSection(SolutionProperties) = preSolution
		HideSolutionNode = FALSE
	EndGlobalSection
	GlobalSection(ProjectConfigurationPlatforms) = postSolution
		{C3BAF4D7-579A-49B7-ABA0-71C3B3AAC0F9}.Debug|Any CPU.ActiveCfg = Debug|Any CPU
		{C3BAF4D7-579A-49B7-ABA0-71C3B3AAC0F9}.Debug|Any CPU.Build.0 = Debug|Any CPU
		{C3BAF4D7-579A-49B7-ABA0-71C3B3AAC0F9}.Release|Any CPU.ActiveCfg = Release|Any CPU
		{C3BAF4D7-579A-49B7-ABA0-71C3B3AAC0F9}.Release|Any CPU.Build.0 = Release|Any CPU
		{E86A65C5-83FF-4457-B30D-3CD5173BA19A}.Debug|Any CPU.ActiveCfg = Debug|Any CPU
		{E86A65C5-83FF-4457-B30D-3CD5173BA19A}.Debug|Any CPU.Build.0 = Debug|Any CPU
		{E86A65C5-83FF-4457-B30D-3CD5173BA19A}.Release|Any CPU.ActiveCfg = Release|Any CPU
		{E86A65C5-83FF-4457-B30D-3CD5173BA19A}.Release|Any CPU.Build.0 = Release|Any CPU
		{B439F237-615A-4FF0-B5A6-DD40D92FB30F}.Debug|Any CPU.ActiveCfg = Debug|Any CPU
		{B439F237-615A-4FF0-B5A6-DD40D92FB30F}.Debug|Any CPU.Build.0 = Debug|Any CPU
		{B439F237-615A-4FF0-B5A6-DD40D92FB30F}.Release|Any CPU.ActiveCfg = Release|Any CPU
		{B439F237-615A-4FF0-B5A6-DD40D92FB30F}.Release|Any CPU.Build.0 = Release|Any CPU
		{E4BF45DD-4160-4AAA-9139-7E714E79C9B7}.Debug|Any CPU.ActiveCfg = Debug|Any CPU
		{E4BF45DD-4160-4AAA-9139-7E714E79C9B7}.Debug|Any CPU.Build.0 = Debug|Any CPU
		{E4BF45DD-4160-4AAA-9139-7E714E79C9B7}.Release|Any CPU.ActiveCfg = Release|Any CPU
		{E4BF45DD-4160-4AAA-9139-7E714E79C9B7}.Release|Any CPU.Build.0 = Release|Any CPU
		{AF972F9A-9B67-475A-B1D3-E4706B97816E}.Debug|Any CPU.ActiveCfg = Debug|Any CPU
		{AF972F9A-9B67-475A-B1D3-E4706B97816E}.Debug|Any CPU.Build.0 = Debug|Any CPU
		{AF972F9A-9B67-475A-B1D3-E4706B97816E}.Release|Any CPU.ActiveCfg = Release|Any CPU
		{AF972F9A-9B67-475A-B1D3-E4706B97816E}.Release|Any CPU.Build.0 = Release|Any CPU
	EndGlobalSection
	GlobalSection(NestedProjects) = preSolution
		{0EC00234-1853-49A5-9308-9D884795BB3A} = {A67097B6-9A05-4C2F-9784-87F25016B472}
		{B439F237-615A-4FF0-B5A6-DD40D92FB30F} = {0EC00234-1853-49A5-9308-9D884795BB3A}
		{C77745B7-F5D3-4002-B324-00E8FF8B3757} = {A67097B6-9A05-4C2F-9784-87F25016B472}
		{E4BF45DD-4160-4AAA-9139-7E714E79C9B7} = {C77745B7-F5D3-4002-B324-00E8FF8B3757}
		{1718FAA3-4B7E-4466-BB1F-89AF86D47C85} = {A67097B6-9A05-4C2F-9784-87F25016B472}
		{AF972F9A-9B67-475A-B1D3-E4706B97816E} = {1718FAA3-4B7E-4466-BB1F-89AF86D47C85}
	EndGlobalSection
EndGlobal
